PODS:
  - PurchasesHybridCommon (4.13.2):
    - RevenueCat (= 4.17.6)
  - RevenueCat (4.17.6)

DEPENDENCIES:
  - PurchasesHybridCommon (= 4.13.2)

SPEC REPOS:
  https://github.com/CocoaPods/Specs.git:
    - PurchasesHybridCommon
    - RevenueCat

SPEC CHECKSUMS:
  PurchasesHybridCommon: 13aed39e96393747d2416f2a51aeb67ea6bb1786
  RevenueCat: 42769d9dcc26c1294ec8e2e0d58320ab69974f75

PODFILE CHECKSUM: 21bd756209d373ff6cd7cc941643f668c0177fa5

COCOAPODS: 1.11.3
